
Microsoft Visual Studio Solution File, Format Version 12.00
# Visual Studio 14
VisualStudioVersion = 14.0.25123.0
MinimumVisualStudioVersion = 10.0.40219.1
Project("{FAE04EC0-301F-11D3-BF4B-00C04F79EFBC}") = "EmployeeAssist.WebApi", "EmployeeAssist.WebApi\EmployeeAssist.WebApi.csproj", "{B095D97E-1C27-4E2D-A5DE-2D19D97873F6}"
EndProject
Project("{FAE04EC0-301F-11D3-BF4B-00C04F79EFBC}") = "EmployeeAssistDAL", "..\..\EmployeeAssistDAL\EmployeeAssistDAL.csproj", "{E4A599E5-4C2C-4D4A-B802-121AA0C03C2F}"
EndProject
Global
	GlobalSection(SolutionConfigurationPlatforms) = preSolution
		Debug|Any CPU = Debug|Any CPU
		Release|Any CPU = Release|Any CPU
	EndGlobalSection
	GlobalSection(ProjectConfigurationPlatforms) = postSolution
		{B095D97E-1C27-4E2D-A5DE-2D19D97873F6}.Debug|Any CPU.ActiveCfg = Debug|Any CPU
		{B095D97E-1C27-4E2D-A5DE-2D19D97873F6}.Debug|Any CPU.Build.0 = Debug|Any CPU
		{B095D97E-1C27-4E2D-A5DE-2D19D97873F6}.Release|Any CPU.ActiveCfg = Release|Any CPU
		{B095D97E-1C27-4E2D-A5DE-2D19D97873F6}.Release|Any CPU.Build.0 = Release|Any CPU
		{E4A599E5-4C2C-4D4A-B802-121AA0C03C2F}.Debug|Any CPU.ActiveCfg = Debug|Any CPU
		{E4A599E5-4C2C-4D4A-B802-121AA0C03C2F}.Debug|Any CPU.Build.0 = Debug|Any CPU
		{E4A599E5-4C2C-4D4A-B802-121AA0C03C2F}.Release|Any CPU.ActiveCfg = Release|Any CPU
		{E4A599E5-4C2C-4D4A-B802-121AA0C03C2F}.Release|Any CPU.Build.0 = Release|Any CPU
	EndGlobalSection
	GlobalSection(SolutionProperties) = preSolution
		HideSolutionNode = FALSE
	EndGlobalSection
EndGlobal
